
Microsoft Visual Studio Solution File, Format Version 12.00
# Visual Studio Version 17
VisualStudioVersion = 17.9.34622.214
MinimumVisualStudioVersion = 10.0.40219.1
Project("{9A19103F-16F7-4668-BE54-9A1E7A4F7556}") = "P4Projekt2", "P4Projekt2.csproj", "{C4302BBA-A402-4E31-9353-518921C2694C}"
EndProject
Project("{9A19103F-16F7-4668-BE54-9A1E7A4F7556}") = "AuthorizationServer", "..\AuthorizationServer\AuthorizationServer.csproj", "{8DB3B61E-DE4A-4E28-8663-68D93FB18FA1}"
EndProject
Global
	GlobalSection(SolutionConfigurationPlatforms) = preSolution
		Debug|Any CPU = Debug|Any CPU
		Release|Any CPU = Release|Any CPU
	EndGlobalSection
	GlobalSection(ProjectConfigurationPlatforms) = postSolution
		{C4302BBA-A402-4E31-9353-518921C2694C}.Debug|Any CPU.ActiveCfg = Debug|Any CPU
		{C4302BBA-A402-4E31-9353-518921C2694C}.Debug|Any CPU.Build.0 = Debug|Any CPU
		{C4302BBA-A402-4E31-9353-518921C2694C}.Debug|Any CPU.Deploy.0 = Debug|Any CPU
		{C4302BBA-A402-4E31-9353-518921C2694C}.Release|Any CPU.ActiveCfg = Release|Any CPU
		{C4302BBA-A402-4E31-9353-518921C2694C}.Release|Any CPU.Build.0 = Release|Any CPU
		{C4302BBA-A402-4E31-9353-518921C2694C}.Release|Any CPU.Deploy.0 = Release|Any CPU
		{8DB3B61E-DE4A-4E28-8663-68D93FB18FA1}.Debug|Any CPU.ActiveCfg = Debug|Any CPU
		{8DB3B61E-DE4A-4E28-8663-68D93FB18FA1}.Debug|Any CPU.Build.0 = Debug|Any CPU
		{8DB3B61E-DE4A-4E28-8663-68D93FB18FA1}.Release|Any CPU.ActiveCfg = Release|Any CPU
		{8DB3B61E-DE4A-4E28-8663-68D93FB18FA1}.Release|Any CPU.Build.0 = Release|Any CPU
	EndGlobalSection
	GlobalSection(SolutionProperties) = preSolution
		HideSolutionNode = FALSE
	EndGlobalSection
	GlobalSection(ExtensibilityGlobals) = postSolution
		SolutionGuid = {E84C5112-EAE6-4FF5-9758-75D2DE9148A2}
	EndGlobalSection
EndGlobal
